
Microsoft Visual Studio Solution File, Format Version 12.00
# Visual Studio 15
VisualStudioVersion = 15.0.28307.960
MinimumVisualStudioVersion = 10.0.40219.1
Project("{FAE04EC0-301F-11D3-BF4B-00C04F79EFBC}") = "SalesPlugins", "SalesPlugins\SalesPlugins.csproj", "{A6742FB7-2AF2-4570-8F62-BF0850271101}"
EndProject
Global
	GlobalSection(SolutionConfigurationPlatforms) = preSolution
		Debug|Any CPU = Debug|Any CPU
		Release|Any CPU = Release|Any CPU
	EndGlobalSection
	GlobalSection(ProjectConfigurationPlatforms) = postSolution
		{A6742FB7-2AF2-4570-8F62-BF0850271101}.Debug|Any CPU.ActiveCfg = Debug|Any CPU
		{A6742FB7-2AF2-4570-8F62-BF0850271101}.Debug|Any CPU.Build.0 = Debug|Any CPU
		{A6742FB7-2AF2-4570-8F62-BF0850271101}.Release|Any CPU.ActiveCfg = Release|Any CPU
		{A6742FB7-2AF2-4570-8F62-BF0850271101}.Release|Any CPU.Build.0 = Release|Any CPU
	EndGlobalSection
	GlobalSection(SolutionProperties) = preSolution
		HideSolutionNode = FALSE
	EndGlobalSection
	GlobalSection(ExtensibilityGlobals) = postSolution
		SolutionGuid = {350067E7-DCFD-4F4F-AF55-71EC3261A70A}
	EndGlobalSection
EndGlobal
